
Microsoft Visual Studio Solution File, Format Version 12.00
# Visual Studio Version 17
VisualStudioVersion = 17.14.36603.0 d17.14
MinimumVisualStudioVersion = 10.0.40219.1
Project("{FAE04EC0-301F-11D3-BF4B-00C04F79EFBC}") = "strong Number", "strong Number.csproj", "{5E8C09C2-26D7-4BCB-AE5C-D0F9877FE58E}"
EndProject
Global
	GlobalSection(SolutionConfigurationPlatforms) = preSolution
		Debug|Any CPU = Debug|Any CPU
		Release|Any CPU = Release|Any CPU
	EndGlobalSection
	GlobalSection(ProjectConfigurationPlatforms) = postSolution
		{5E8C09C2-26D7-4BCB-AE5C-D0F9877FE58E}.Debug|Any CPU.ActiveCfg = Debug|Any CPU
		{5E8C09C2-26D7-4BCB-AE5C-D0F9877FE58E}.Debug|Any CPU.Build.0 = Debug|Any CPU
		{5E8C09C2-26D7-4BCB-AE5C-D0F9877FE58E}.Release|Any CPU.ActiveCfg = Release|Any CPU
		{5E8C09C2-26D7-4BCB-AE5C-D0F9877FE58E}.Release|Any CPU.Build.0 = Release|Any CPU
	EndGlobalSection
	GlobalSection(SolutionProperties) = preSolution
		HideSolutionNode = FALSE
	EndGlobalSection
	GlobalSection(ExtensibilityGlobals) = postSolution
		SolutionGuid = {33892CE4-4120-4802-AE82-7AB9D3931E01}
	EndGlobalSection
EndGlobal
